
Microsoft Visual Studio Solution File, Format Version 12.00
# Visual Studio 14
VisualStudioVersion = 14.0.25420.1
MinimumVisualStudioVersion = 10.0.40219.1
Project("{FAE04EC0-301F-11D3-BF4B-00C04F79EFBC}") = "SeaBattle.Client", "SeaBattle.Client\SeaBattle.Client.csproj", "{A4FBFD75-12AD-46C5-B8DB-AAA158C3E5D3}"
EndProject
Project("{FAE04EC0-301F-11D3-BF4B-00C04F79EFBC}") = "SeaBattle.Lib", "SeaBattle.Lib\SeaBattle.Lib.csproj", "{55ED9325-24F4-459D-9AC8-8DC60956F4A9}"
EndProject
Project("{FAE04EC0-301F-11D3-BF4B-00C04F79EFBC}") = "SeaBattle.Server", "SeaBattle.Server\SeaBattle.Server.csproj", "{9CB0755D-6242-4B2B-B4B6-E22DBC710337}"
EndProject
Global
	GlobalSection(SolutionConfigurationPlatforms) = preSolution
		Debug|Any CPU = Debug|Any CPU
		Release|Any CPU = Release|Any CPU
	EndGlobalSection
	GlobalSection(ProjectConfigurationPlatforms) = postSolution
		{A4FBFD75-12AD-46C5-B8DB-AAA158C3E5D3}.Debug|Any CPU.ActiveCfg = Debug|Any CPU
		{A4FBFD75-12AD-46C5-B8DB-AAA158C3E5D3}.Debug|Any CPU.Build.0 = Debug|Any CPU
		{A4FBFD75-12AD-46C5-B8DB-AAA158C3E5D3}.Release|Any CPU.ActiveCfg = Release|Any CPU
		{A4FBFD75-12AD-46C5-B8DB-AAA158C3E5D3}.Release|Any CPU.Build.0 = Release|Any CPU
		{55ED9325-24F4-459D-9AC8-8DC60956F4A9}.Debug|Any CPU.ActiveCfg = Debug|Any CPU
		{55ED9325-24F4-459D-9AC8-8DC60956F4A9}.Debug|Any CPU.Build.0 = Debug|Any CPU
		{55ED9325-24F4-459D-9AC8-8DC60956F4A9}.Release|Any CPU.ActiveCfg = Release|Any CPU
		{55ED9325-24F4-459D-9AC8-8DC60956F4A9}.Release|Any CPU.Build.0 = Release|Any CPU
		{9CB0755D-6242-4B2B-B4B6-E22DBC710337}.Debug|Any CPU.ActiveCfg = Debug|Any CPU
		{9CB0755D-6242-4B2B-B4B6-E22DBC710337}.Debug|Any CPU.Build.0 = Debug|Any CPU
		{9CB0755D-6242-4B2B-B4B6-E22DBC710337}.Release|Any CPU.ActiveCfg = Release|Any CPU
		{9CB0755D-6242-4B2B-B4B6-E22DBC710337}.Release|Any CPU.Build.0 = Release|Any CPU
	EndGlobalSection
	GlobalSection(SolutionProperties) = preSolution
		HideSolutionNode = FALSE
	EndGlobalSection
EndGlobal
